// !$*UTF8*$!
{
	archiveVersion = 1;
	classes = {
	};
	objectVersion = 56;
	objects = {

/* Begin PBXBuildFile section */
		841D69C72AC0A0D100B6EB0B /* AppDelegate.swift in Sources */ = {isa = PBXBuildFile; fileRef = 841D69C62AC0A0D100B6EB0B /* AppDelegate.swift */; };
		841D69C92AC0A0D100B6EB0B /* SceneDelegate.swift in Sources */ = {isa = PBXBuildFile; fileRef = 841D69C82AC0A0D100B6EB0B /* SceneDelegate.swift */; };
		841D69CB2AC0A0D100B6EB0B /* SearchViewController.swift in Sources */ = {isa = PBXBuildFile; fileRef = 841D69CA2AC0A0D100B6EB0B /* SearchViewController.swift */; };
		841D69CE2AC0A0D100B6EB0B /* Main.storyboard in Resources */ = {isa = PBXBuildFile; fileRef = 841D69CC2AC0A0D100B6EB0B /* Main.storyboard */; };
		841D69D02AC0A0D500B6EB0B /* Assets.xcassets in Resources */ = {isa = PBXBuildFile; fileRef = 841D69CF2AC0A0D500B6EB0B /* Assets.xcassets */; };
		841D69D32AC0A0D500B6EB0B /* LaunchScreen.storyboard in Resources */ = {isa = PBXBuildFile; fileRef = 841D69D12AC0A0D500B6EB0B /* LaunchScreen.storyboard */; };
		841D69DD2AC0C93A00B6EB0B /* SearchResult.swift in Sources */ = {isa = PBXBuildFile; fileRef = 841D69DC2AC0C93A00B6EB0B /* SearchResult.swift */; };
		841D69DF2AC0E19F00B6EB0B /* SearchResultCell.xib in Resources */ = {isa = PBXBuildFile; fileRef = 841D69DE2AC0E19F00B6EB0B /* SearchResultCell.xib */; };
		841D69E12AC0EDE600B6EB0B /* SearchResultCell.swift in Sources */ = {isa = PBXBuildFile; fileRef = 841D69E02AC0EDE600B6EB0B /* SearchResultCell.swift */; };
		841D69E32AC0F11000B6EB0B /* NothingFoundCell.xib in Resources */ = {isa = PBXBuildFile; fileRef = 841D69E22AC0F11000B6EB0B /* NothingFoundCell.xib */; };
		841D69E52AC1184000B6EB0B /* LoadingCell.xib in Resources */ = {isa = PBXBuildFile; fileRef = 841D69E42AC1184000B6EB0B /* LoadingCell.xib */; };
/* End PBXBuildFile section */

/* Begin PBXFileReference section */
		841D69C32AC0A0D100B6EB0B /* StoreSearch.app */ = {isa = PBXFileReference; explicitFileType = wrapper.application; includeInIndex = 0; path = StoreSearch.app; sourceTree = BUILT_PRODUCTS_DIR; };
		841D69C62AC0A0D100B6EB0B /* AppDelegate.swift */ = {isa = PBXFileReference; lastKnownFileType = sourcecode.swift; path = AppDelegate.swift; sourceTree = "<group>"; };
		841D69C82AC0A0D100B6EB0B /* SceneDelegate.swift */ = {isa = PBXFileReference; lastKnownFileType = sourcecode.swift; path = SceneDelegate.swift; sourceTree = "<group>"; };
		841D69CA2AC0A0D100B6EB0B /* SearchViewController.swift */ = {isa = PBXFileReference; lastKnownFileType = sourcecode.swift; path = SearchViewController.swift; sourceTree = "<group>"; };
		841D69CD2AC0A0D100B6EB0B /* Base */ = {isa = PBXFileReference; lastKnownFileType = file.storyboard; name = Base; path = Base.lproj/Main.storyboard; sourceTree = "<group>"; };
		841D69CF2AC0A0D500B6EB0B /* Assets.xcassets */ = {isa = PBXFileReference; lastKnownFileType = folder.assetcatalog; path = Assets.xcassets; sourceTree = "<group>"; };
		841D69D22AC0A0D500B6EB0B /* Base */ = {isa = PBXFileReference; lastKnownFileType = file.storyboard; name = Base; path = Base.lproj/LaunchScreen.storyboard; sourceTree = "<group>"; };
		841D69D42AC0A0D500B6EB0B /* Info.plist */ = {isa = PBXFileReference; lastKnownFileType = text.plist.xml; path = Info.plist; sourceTree = "<group>"; };
		841D69DC2AC0C93A00B6EB0B /* SearchResult.swift */ = {isa = PBXFileReference; lastKnownFileType = sourcecode.swift; path = SearchResult.swift; sourceTree = "<group>"; };
		841D69DE2AC0E19F00B6EB0B /* SearchResultCell.xib */ = {isa = PBXFileReference; lastKnownFileType = file.xib; path = SearchResultCell.xib; sourceTree = "<group>"; };
		841D69E02AC0EDE600B6EB0B /* SearchResultCell.swift */ = {isa = PBXFileReference; lastKnownFileType = sourcecode.swift; path = SearchResultCell.swift; sourceTree = "<group>"; };
		841D69E22AC0F11000B6EB0B /* NothingFoundCell.xib */ = {isa = PBXFileReference; lastKnownFileType = file.xib; path = NothingFoundCell.xib; sourceTree = "<group>"; };
		841D69E42AC1184000B6EB0B /* LoadingCell.xib */ = {isa = PBXFileReference; lastKnownFileType = file.xib; path = LoadingCell.xib; sourceTree = "<group>"; };
/* End PBXFileReference section */

/* Begin PBXFrameworksBuildPhase section */
		841D69C02AC0A0D100B6EB0B /* Frameworks */ = {
			isa = PBXFrameworksBuildPhase;
			buildActionMask = 2147483647;
			files = (
			);
			runOnlyForDeploymentPostprocessing = 0;
		};
/* End PBXFrameworksBuildPhase section */

/* Begin PBXGroup section */
		841D69BA2AC0A0D100B6EB0B = {
			isa = PBXGroup;
			children = (
				841D69E42AC1184000B6EB0B /* LoadingCell.xib */,
				841D69E22AC0F11000B6EB0B /* NothingFoundCell.xib */,
				841D69E02AC0EDE600B6EB0B /* SearchResultCell.swift */,
				841D69DE2AC0E19F00B6EB0B /* SearchResultCell.xib */,
				841D69DC2AC0C93A00B6EB0B /* SearchResult.swift */,
				841D69C52AC0A0D100B6EB0B /* StoreSearch */,
				841D69C42AC0A0D100B6EB0B /* Products */,
			);
			sourceTree = "<group>";
		};
		841D69C42AC0A0D100B6EB0B /* Products */ = {
			isa = PBXGroup;
			children = (
				841D69C32AC0A0D100B6EB0B /* StoreSearch.app */,
			);
			name = Products;
			sourceTree = "<group>";
		};
		841D69C52AC0A0D100B6EB0B /* StoreSearch */ = {
			isa = PBXGroup;
			children = (
				841D69C62AC0A0D100B6EB0B /* AppDelegate.swift */,
				841D69C82AC0A0D100B6EB0B /* SceneDelegate.swift */,
				841D69CA2AC0A0D100B6EB0B /* SearchViewController.swift */,
				841D69CC2AC0A0D100B6EB0B /* Main.storyboard */,
				841D69CF2AC0A0D500B6EB0B /* Assets.xcassets */,
				841D69D12AC0A0D500B6EB0B /* LaunchScreen.storyboard */,
				841D69D42AC0A0D500B6EB0B /* Info.plist */,
			);
			path = StoreSearch;
			sourceTree = "<group>";
		};
/* End PBXGroup section */

/* Begin PBXNativeTarget section */
		841D69C22AC0A0D100B6EB0B /* StoreSearch */ = {
			isa = PBXNativeTarget;
			buildConfigurationList = 841D69D72AC0A0D500B6EB0B /* Build configuration list for PBXNativeTarget "StoreSearch" */;
			buildPhases = (
				841D69BF2AC0A0D100B6EB0B /* Sources */,
				841D69C02AC0A0D100B6EB0B /* Frameworks */,
				841D69C12AC0A0D100B6EB0B /* Resources */,
			);
			buildRules = (
			);
			dependencies = (
			);
			name = StoreSearch;
			productName = StoreSearch;
			productReference = 841D69C32AC0A0D100B6EB0B /* StoreSearch.app */;
			productType = "com.apple.product-type.application";
		};
/* End PBXNativeTarget section */

/* Begin PBXProject section */
		841D69BB2AC0A0D100B6EB0B /* Project object */ = {
			isa = PBXProject;
			attributes = {
				BuildIndependentTargetsInParallel = 1;
				LastSwiftUpdateCheck = 1430;
				LastUpgradeCheck = 1430;
				TargetAttributes = {
					841D69C22AC0A0D100B6EB0B = {
						CreatedOnToolsVersion = 14.3.1;
					};
				};
			};
			buildConfigurationList = 841D69BE2AC0A0D100B6EB0B /* Build configuration list for PBXProject "StoreSearch" */;
			compatibilityVersion = "Xcode 14.0";
			developmentRegion = en;
			hasScannedForEncodings = 0;
			knownRegions = (
				en,
				Base,
			);
			mainGroup = 841D69BA2AC0A0D100B6EB0B;
			productRefGroup = 841D69C42AC0A0D100B6EB0B /* Products */;
			projectDirPath = "";
			projectRoot = "";
			targets = (
				841D69C22AC0A0D100B6EB0B /* StoreSearch */,
			);
		};
/* End PBXProject section */

/* Begin PBXResourcesBuildPhase section */
		841D69C12AC0A0D100B6EB0B /* Resources */ = {
			isa = PBXResourcesBuildPhase;
			buildActionMask = 2147483647;
			files = (
				841D69D32AC0A0D500B6EB0B /* LaunchScreen.storyboard in Resources */,
				841D69D02AC0A0D500B6EB0B /* Assets.xcassets in Resources */,
				841D69E52AC1184000B6EB0B /* LoadingCell.xib in Resources */,
				841D69DF2AC0E19F00B6EB0B /* SearchResultCell.xib in Resources */,
				841D69E32AC0F11000B6EB0B /* NothingFoundCell.xib in Resources */,
				841D69CE2AC0A0D100B6EB0B /* Main.storyboard in Resources */,
			);
			runOnlyForDeploymentPostprocessing = 0;
		};
/* End PBXResourcesBuildPhase section */

/* Begin PBXSourcesBuildPhase section */
		841D69BF2AC0A0D100B6EB0B /* Sources */ = {
			isa = PBXSourcesBuildPhase;
			buildActionMask = 2147483647;
			files = (
				841D69CB2AC0A0D100B6EB0B /* SearchViewController.swift in Sources */,
				841D69C72AC0A0D100B6EB0B /* AppDelegate.swift in Sources */,
				841D69DD2AC0C93A00B6EB0B /* SearchResult.swift in Sources */,
				841D69C92AC0A0D100B6EB0B /* SceneDelegate.swift in Sources */,
				841D69E12AC0EDE600B6EB0B /* SearchResultCell.swift in Sources */,
			);
			runOnlyForDeploymentPostprocessing = 0;
		};
/* End PBXSourcesBuildPhase section */

/* Begin PBXVariantGroup section */
		841D69CC2AC0A0D100B6EB0B /* Main.storyboard */ = {
			isa = PBXVariantGroup;
			children = (
				841D69CD2AC0A0D100B6EB0B /* Base */,
			);
			name = Main.storyboard;
			sourceTree = "<group>";
		};
		841D69D12AC0A0D500B6EB0B /* LaunchScreen.storyboard */ = {
			isa = PBXVariantGroup;
			children = (
				841D69D22AC0A0D500B6EB0B /* Base */,
			);
			name = LaunchScreen.storyboard;
			sourceTree = "<group>";
		};
/* End PBXVariantGroup section */

/* Begin XCBuildConfiguration section */
		841D69D52AC0A0D500B6EB0B /* Debug */ = {
			isa = XCBuildConfiguration;
			buildSettings = {
				ALWAYS_SEARCH_USER_PATHS = NO;
				CLANG_ANALYZER_NONNULL = YES;
				CLANG_ANALYZER_NUMBER_OBJECT_CONVERSION = YES_AGGRESSIVE;
				CLANG_CXX_LANGUAGE_STANDARD = "gnu++20";
				CLANG_ENABLE_MODULES = YES;
				CLANG_ENABLE_OBJC_ARC = YES;
				CLANG_ENABLE_OBJC_WEAK = YES;
				CLANG_WARN_BLOCK_CAPTURE_AUTORELEASING = YES;
				CLANG_WARN_BOOL_CONVERSION = YES;
				CLANG_WARN_COMMA = YES;
				CLANG_WARN_CONSTANT_CONVERSION = YES;
				CLANG_WARN_DEPRECATED_OBJC_IMPLEMENTATIONS = YES;
				CLANG_WARN_DIRECT_OBJC_ISA_USAGE = YES_ERROR;
				CLANG_WARN_DOCUMENTATION_COMMENTS = YES;
				CLANG_WARN_EMPTY_BODY = YES;
				CLANG_WARN_ENUM_CONVERSION = YES;
				CLANG_WARN_INFINITE_RECURSION = YES;
				CLANG_WARN_INT_CONVERSION = YES;
				CLANG_WARN_NON_LITERAL_NULL_CONVERSION = YES;
				CLANG_WARN_OBJC_IMPLICIT_RETAIN_SELF = YES;
				CLANG_WARN_OBJC_LITERAL_CONVERSION = YES;
				CLANG_WARN_OBJC_ROOT_CLASS = YES_ERROR;
				CLANG_WARN_QUOTED_INCLUDE_IN_FRAMEWORK_HEADER = YES;
				CLANG_WARN_RANGE_LOOP_ANALYSIS = YES;
				CLANG_WARN_STRICT_PROTOTYPES = YES;
				CLANG_WARN_SUSPICIOUS_MOVE = YES;
				CLANG_WARN_UNGUARDED_AVAILABILITY = YES_AGGRESSIVE;
				CLANG_WARN_UNREACHABLE_CODE = YES;
				CLANG_WARN__DUPLICATE_METHOD_MATCH = YES;
				COPY_PHASE_STRIP = NO;
				DEBUG_INFORMATION_FORMAT = dwarf;
				ENABLE_STRICT_OBJC_MSGSEND = YES;
				ENABLE_TESTABILITY = YES;
				GCC_C_LANGUAGE_STANDARD = gnu11;
				GCC_DYNAMIC_NO_PIC = NO;
				GCC_NO_COMMON_BLOCKS = YES;
				GCC_OPTIMIZATION_LEVEL = 0;
				GCC_PREPROCESSOR_DEFINITIONS = (
					"DEBUG=1",
					"$(inherited)",
				);
				GCC_WARN_64_TO_32_BIT_CONVERSION = YES;
				GCC_WARN_ABOUT_RETURN_TYPE = YES_ERROR;
				GCC_WARN_UNDECLARED_SELECTOR = YES;
				GCC_WARN_UNINITIALIZED_AUTOS = YES_AGGRESSIVE;
				GCC_WARN_UNUSED_FUNCTION = YES;
				GCC_WARN_UNUSED_VARIABLE = YES;
				IPHONEOS_DEPLOYMENT_TARGET = 16.4;
				MTL_ENABLE_DEBUG_INFO = INCLUDE_SOURCE;
				MTL_FAST_MATH = YES;
				ONLY_ACTIVE_ARCH = YES;
				SDKROOT = iphoneos;
				SWIFT_ACTIVE_COMPILATION_CONDITIONS = DEBUG;
				SWIFT_OPTIMIZATION_LEVEL = "-Onone";
			};
			name = Debug;
		};
		841D69D62AC0A0D500B6EB0B /* Release */ = {
			isa = XCBuildConfiguration;
			buildSettings = {
				ALWAYS_SEARCH_USER_PATHS = NO;
				CLANG_ANALYZER_NONNULL = YES;
				CLANG_ANALYZER_NUMBER_OBJECT_CONVERSION = YES_AGGRESSIVE;
				CLANG_CXX_LANGUAGE_STANDARD = "gnu++20";
				CLANG_ENABLE_MODULES = YES;
				CLANG_ENABLE_OBJC_ARC = YES;
				CLANG_ENABLE_OBJC_WEAK = YES;
				CLANG_WARN_BLOCK_CAPTURE_AUTORELEASING = YES;
				CLANG_WARN_BOOL_CONVERSION = YES;
				CLANG_WARN_COMMA = YES;
				CLANG_WARN_CONSTANT_CONVERSION = YES;
				CLANG_WARN_DEPRECATED_OBJC_IMPLEMENTATIONS = YES;
				CLANG_WARN_DIRECT_OBJC_ISA_USAGE = YES_ERROR;
				CLANG_WARN_DOCUMENTATION_COMMENTS = YES;
				CLANG_WARN_EMPTY_BODY = YES;
				CLANG_WARN_ENUM_CONVERSION = YES;
				CLANG_WARN_INFINITE_RECURSION = YES;
				CLANG_WARN_INT_CONVERSION = YES;
				CLANG_WARN_NON_LITERAL_NULL_CONVERSION = YES;
				CLANG_WARN_OBJC_IMPLICIT_RETAIN_SELF = YES;
				CLANG_WARN_OBJC_LITERAL_CONVERSION = YES;
				CLANG_WARN_OBJC_ROOT_CLASS = YES_ERROR;
				CLANG_WARN_QUOTED_INCLUDE_IN_FRAMEWORK_HEADER = YES;
				CLANG_WARN_RANGE_LOOP_ANALYSIS = YES;
				CLANG_WARN_STRICT_PROTOTYPES = YES;
				CLANG_WARN_SUSPICIOUS_MOVE = YES;
				CLANG_WARN_UNGUARDED_AVAILABILITY = YES_AGGRESSIVE;
				CLANG_WARN_UNREACHABLE_CODE = YES;
				CLANG_WARN__DUPLICATE_METHOD_MATCH = YES;
				COPY_PHASE_STRIP = NO;
				DEBUG_INFORMATION_FORMAT = "dwarf-with-dsym";
				ENABLE_NS_ASSERTIONS = NO;
				ENABLE_STRICT_OBJC_MSGSEND = YES;
				GCC_C_LANGUAGE_STANDARD = gnu11;
				GCC_NO_COMMON_BLOCKS = YES;
				GCC_WARN_64_TO_32_BIT_CONVERSION = YES;
				GCC_WARN_ABOUT_RETURN_TYPE = YES_ERROR;
				GCC_WARN_UNDECLARED_SELECTOR = YES;
				GCC_WARN_UNINITIALIZED_AUTOS = YES_AGGRESSIVE;
				GCC_WARN_UNUSED_FUNCTION = YES;
				GCC_WARN_UNUSED_VARIABLE = YES;
				IPHONEOS_DEPLOYMENT_TARGET = 16.4;
				MTL_ENABLE_DEBUG_INFO = NO;
				MTL_FAST_MATH = YES;
				SDKROOT = iphoneos;
				SWIFT_COMPILATION_MODE = wholemodule;
				SWIFT_OPTIMIZATION_LEVEL = "-O";
				VALIDATE_PRODUCT = YES;
			};
			name = Release;
		};
		841D69D82AC0A0D500B6EB0B /* Debug */ = {
			isa = XCBuildConfiguration;
			buildSettings = {
				ASSETCATALOG_COMPILER_APPICON_NAME = AppIcon;
				ASSETCATALOG_COMPILER_GLOBAL_ACCENT_COLOR_NAME = AccentColor;
				CODE_SIGN_STYLE = Automatic;
				CURRENT_PROJECT_VERSION = 1;
				DEVELOPMENT_TEAM = 58354LH3N2;
				GENERATE_INFOPLIST_FILE = YES;
				INFOPLIST_FILE = StoreSearch/Info.plist;
				INFOPLIST_KEY_UIApplicationSupportsIndirectInputEvents = YES;
				INFOPLIST_KEY_UILaunchStoryboardName = LaunchScreen;
				INFOPLIST_KEY_UIMainStoryboardFile = Main;
				INFOPLIST_KEY_UISupportedInterfaceOrientations_iPad = "UIInterfaceOrientationPortrait UIInterfaceOrientationPortraitUpsideDown UIInterfaceOrientationLandscapeLeft UIInterfaceOrientationLandscapeRight";
				INFOPLIST_KEY_UISupportedInterfaceOrientations_iPhone = "UIInterfaceOrientationPortrait UIInterfaceOrientationLandscapeLeft UIInterfaceOrientationLandscapeRight";
				LD_RUNPATH_SEARCH_PATHS = (
					"$(inherited)",
					"@executable_path/Frameworks",
				);
				MARKETING_VERSION = 1.0;
				PRODUCT_BUNDLE_IDENTIFIER = com.salty.StoreSearch.StoreSearch;
				PRODUCT_NAME = "$(TARGET_NAME)";
				SWIFT_EMIT_LOC_STRINGS = YES;
				SWIFT_VERSION = 5.0;
				TARGETED_DEVICE_FAMILY = "1,2";
			};
			name = Debug;
		};
		841D69D92AC0A0D500B6EB0B /* Release */ = {
			isa = XCBuildConfiguration;
			buildSettings = {
				ASSETCATALOG_COMPILER_APPICON_NAME = AppIcon;
				ASSETCATALOG_COMPILER_GLOBAL_ACCENT_COLOR_NAME = AccentColor;
				CODE_SIGN_STYLE = Automatic;
				CURRENT_PROJECT_VERSION = 1;
				DEVELOPMENT_TEAM = 58354LH3N2;
				GENERATE_INFOPLIST_FILE = YES;
				INFOPLIST_FILE = StoreSearch/Info.plist;
				INFOPLIST_KEY_UIApplicationSupportsIndirectInputEvents = YES;
				INFOPLIST_KEY_UILaunchStoryboardName = LaunchScreen;
				INFOPLIST_KEY_UIMainStoryboardFile = Main;
				INFOPLIST_KEY_UISupportedInterfaceOrientations_iPad = "UIInterfaceOrientationPortrait UIInterfaceOrientationPortraitUpsideDown UIInterfaceOrientationLandscapeLeft UIInterfaceOrientationLandscapeRight";
				INFOPLIST_KEY_UISupportedInterfaceOrientations_iPhone = "UIInterfaceOrientationPortrait UIInterfaceOrientationLandscapeLeft UIInterfaceOrientationLandscapeRight";
				LD_RUNPATH_SEARCH_PATHS = (
					"$(inherited)",
					"@executable_path/Frameworks",
				);
				MARKETING_VERSION = 1.0;
				PRODUCT_BUNDLE_IDENTIFIER = com.salty.StoreSearch.StoreSearch;
				PRODUCT_NAME = "$(TARGET_NAME)";
				SWIFT_EMIT_LOC_STRINGS = YES;
				SWIFT_VERSION = 5.0;
				TARGETED_DEVICE_FAMILY = "1,2";
			};
			name = Release;
		};
/* End XCBuildConfiguration section */

/* Begin XCConfigurationList section */
		841D69BE2AC0A0D100B6EB0B /* Build configuration list for PBXProject "StoreSearch" */ = {
			isa = XCConfigurationList;
			buildConfigurations = (
				841D69D52AC0A0D500B6EB0B /* Debug */,
				841D69D62AC0A0D500B6EB0B /* Release */,
			);
			defaultConfigurationIsVisible = 0;
			defaultConfigurationName = Release;
		};
		841D69D72AC0A0D500B6EB0B /* Build configuration list for PBXNativeTarget "StoreSearch" */ = {
			isa = XCConfigurationList;
			buildConfigurations = (
				841D69D82AC0A0D500B6EB0B /* Debug */,
				841D69D92AC0A0D500B6EB0B /* Release */,
			);
			defaultConfigurationIsVisible = 0;
			defaultConfigurationName = Release;
		};
/* End XCConfigurationList section */
	};
	rootObject = 841D69BB2AC0A0D100B6EB0B /* Project object */;
}
